
Microsoft Visual Studio Solution File, Format Version 12.00
# Visual Studio Version 17
VisualStudioVersion = 17.13.35828.75 d17.13
MinimumVisualStudioVersion = 10.0.40219.1
Project("{FAE04EC0-301F-11D3-BF4B-00C04F79EFBC}") = "Oops Task", "Oops Task\Oops Task.csproj", "{DD6B6BC2-1E7F-4B60-85A5-532BC137EEE5}"
EndProject
Global
	GlobalSection(SolutionConfigurationPlatforms) = preSolution
		Debug|Any CPU = Debug|Any CPU
		Release|Any CPU = Release|Any CPU
	EndGlobalSection
	GlobalSection(ProjectConfigurationPlatforms) = postSolution
		{DD6B6BC2-1E7F-4B60-85A5-532BC137EEE5}.Debug|Any CPU.ActiveCfg = Debug|Any CPU
		{DD6B6BC2-1E7F-4B60-85A5-532BC137EEE5}.Debug|Any CPU.Build.0 = Debug|Any CPU
		{DD6B6BC2-1E7F-4B60-85A5-532BC137EEE5}.Release|Any CPU.ActiveCfg = Release|Any CPU
		{DD6B6BC2-1E7F-4B60-85A5-532BC137EEE5}.Release|Any CPU.Build.0 = Release|Any CPU
	EndGlobalSection
	GlobalSection(SolutionProperties) = preSolution
		HideSolutionNode = FALSE
	EndGlobalSection
	GlobalSection(ExtensibilityGlobals) = postSolution
		SolutionGuid = {A1BACFD5-B6BB-4C45-90BF-91FA842AF36E}
	EndGlobalSection
EndGlobal
